
Microsoft Visual Studio Solution File, Format Version 12.00
# Visual Studio Version 17
VisualStudioVersion = 17.13.35806.99 d17.13
MinimumVisualStudioVersion = 10.0.40219.1
Project("{FAE04EC0-301F-11D3-BF4B-00C04F79EFBC}") = "SaveSync", "SaveSync.csproj", "{3F23EAE0-9E2C-4B96-8498-C29C61112FC9}"
EndProject
Global
	GlobalSection(SolutionConfigurationPlatforms) = preSolution
		Debug|Any CPU = Debug|Any CPU
		Release|Any CPU = Release|Any CPU
	EndGlobalSection
	GlobalSection(ProjectConfigurationPlatforms) = postSolution
		{3F23EAE0-9E2C-4B96-8498-C29C61112FC9}.Debug|Any CPU.ActiveCfg = Debug|Any CPU
		{3F23EAE0-9E2C-4B96-8498-C29C61112FC9}.Debug|Any CPU.Build.0 = Debug|Any CPU
		{3F23EAE0-9E2C-4B96-8498-C29C61112FC9}.Release|Any CPU.ActiveCfg = Release|Any CPU
		{3F23EAE0-9E2C-4B96-8498-C29C61112FC9}.Release|Any CPU.Build.0 = Release|Any CPU
	EndGlobalSection
	GlobalSection(SolutionProperties) = preSolution
		HideSolutionNode = FALSE
	EndGlobalSection
	GlobalSection(ExtensibilityGlobals) = postSolution
		SolutionGuid = {048D5D1A-0E04-46ED-8FDC-190DDAB0B9BF}
	EndGlobalSection
EndGlobal
